// !$*UTF8*$!
{
	archiveVersion = 1;
	classes = {
	};
	objectVersion = 46;
	objects = {

/* Begin PBXBuildFile section */
		9C09EEFA2023E68100D56D97 /* UITableViewHelpers.swift in Sources */ = {isa = PBXBuildFile; fileRef = 9C09EEF92023E68100D56D97 /* UITableViewHelpers.swift */; };
		9C09EEFE2023E87300D56D97 /* TextViewTableViewCell.swift in Sources */ = {isa = PBXBuildFile; fileRef = 9C09EEFC2023E87300D56D97 /* TextViewTableViewCell.swift */; };
		9C09EF022023E98700D56D97 /* NewStepsTableViewController.swift in Sources */ = {isa = PBXBuildFile; fileRef = 9C09EF012023E98700D56D97 /* NewStepsTableViewController.swift */; };
		9C1F56A3200C17C000983404 /* RecipeListTableViewController.swift in Sources */ = {isa = PBXBuildFile; fileRef = 9C1F56A2200C17C000983404 /* RecipeListTableViewController.swift */; };
		9C1F56A5200C17D000983404 /* NewRecipeTableViewController.swift in Sources */ = {isa = PBXBuildFile; fileRef = 9C1F56A4200C17D000983404 /* NewRecipeTableViewController.swift */; };
		9C1F56A7200C1D7700983404 /* TextFieldTableViewCell.swift in Sources */ = {isa = PBXBuildFile; fileRef = 9C1F56A6200C1D7700983404 /* TextFieldTableViewCell.swift */; };
		9C5B3C6E1F42845B00BBBE4A /* AppDelegate.swift in Sources */ = {isa = PBXBuildFile; fileRef = 9C5B3C6D1F42845B00BBBE4A /* AppDelegate.swift */; };
		9C5B3C701F42845B00BBBE4A /* RecipeListViewController.swift in Sources */ = {isa = PBXBuildFile; fileRef = 9C5B3C6F1F42845B00BBBE4A /* RecipeListViewController.swift */; };
		9C5B3C731F42845B00BBBE4A /* Main.storyboard in Resources */ = {isa = PBXBuildFile; fileRef = 9C5B3C711F42845B00BBBE4A /* Main.storyboard */; };
		9C5B3C751F42845B00BBBE4A /* Assets.xcassets in Resources */ = {isa = PBXBuildFile; fileRef = 9C5B3C741F42845B00BBBE4A /* Assets.xcassets */; };
		9C5B3C781F42845B00BBBE4A /* LaunchScreen.storyboard in Resources */ = {isa = PBXBuildFile; fileRef = 9C5B3C761F42845B00BBBE4A /* LaunchScreen.storyboard */; };
		9C5B3C831F42845B00BBBE4A /* undeadbreadTests.swift in Sources */ = {isa = PBXBuildFile; fileRef = 9C5B3C821F42845B00BBBE4A /* undeadbreadTests.swift */; };
		9C5B3C8E1F42845B00BBBE4A /* undeadbreadUITests.swift in Sources */ = {isa = PBXBuildFile; fileRef = 9C5B3C8D1F42845B00BBBE4A /* undeadbreadUITests.swift */; };
		9C5B3CA51F42848900BBBE4A /* Ingredient.swift in Sources */ = {isa = PBXBuildFile; fileRef = 9C5B3C9D1F42848900BBBE4A /* Ingredient.swift */; };
		9C5B3CA91F42848900BBBE4A /* Recipe.swift in Sources */ = {isa = PBXBuildFile; fileRef = 9C5B3CA21F42848900BBBE4A /* Recipe.swift */; };
		9C5B3CAA1F42848900BBBE4A /* Step.swift in Sources */ = {isa = PBXBuildFile; fileRef = 9C5B3CA31F42848900BBBE4A /* Step.swift */; };
		9C5B3CAB1F42848900BBBE4A /* Tool.swift in Sources */ = {isa = PBXBuildFile; fileRef = 9C5B3CA41F42848900BBBE4A /* Tool.swift */; };
		9C6BBF50202964C100A2353B /* StepEditorToolbarTableViewCell.swift in Sources */ = {isa = PBXBuildFile; fileRef = 9C6BBF4F202964C100A2353B /* StepEditorToolbarTableViewCell.swift */; };
		9C755E3B201E8E9700B1228C /* RecipeResultsTableViewController.swift in Sources */ = {isa = PBXBuildFile; fileRef = 9C755E3A201E8E9700B1228C /* RecipeResultsTableViewController.swift */; };
		9C755E3D201E924300B1228C /* IngredientResultsTableViewController.swift in Sources */ = {isa = PBXBuildFile; fileRef = 9C755E3C201E924300B1228C /* IngredientResultsTableViewController.swift */; };
		9C755E41201E92DA00B1228C /* BaseResultsTableViewController.swift in Sources */ = {isa = PBXBuildFile; fileRef = 9C755E40201E92DA00B1228C /* BaseResultsTableViewController.swift */; };
		9CAD2C08200EFB8300BF46BF /* NewIngredientTableViewController.swift in Sources */ = {isa = PBXBuildFile; fileRef = 9CAD2C07200EFB8300BF46BF /* NewIngredientTableViewController.swift */; };
		9CD2E6401F4289F600F150C5 /* Loaf.swift in Sources */ = {isa = PBXBuildFile; fileRef = 9CD2E63F1F4289F600F150C5 /* Loaf.swift */; };
		9CD2E6421F428AD200F150C5 /* Rating.swift in Sources */ = {isa = PBXBuildFile; fileRef = 9CD2E6411F428AD200F150C5 /* Rating.swift */; };
		9CD2E6471F42983C00F150C5 /* RecipeDetailViewController.swift in Sources */ = {isa = PBXBuildFile; fileRef = 9CD2E6461F42983C00F150C5 /* RecipeDetailViewController.swift */; };
		9CF5CDE9202AA43B002A65F0 /* SquareImageTableViewCell.swift in Sources */ = {isa = PBXBuildFile; fileRef = 9CF5CDE8202AA43B002A65F0 /* SquareImageTableViewCell.swift */; };
/* End PBXBuildFile section */

/* Begin PBXContainerItemProxy section */
		9C5B3C7F1F42845B00BBBE4A /* PBXContainerItemProxy */ = {
			isa = PBXContainerItemProxy;
			containerPortal = 9C5B3C621F42845B00BBBE4A /* Project object */;
			proxyType = 1;
			remoteGlobalIDString = 9C5B3C691F42845B00BBBE4A;
			remoteInfo = undeadbread;
		};
		9C5B3C8A1F42845B00BBBE4A /* PBXContainerItemProxy */ = {
			isa = PBXContainerItemProxy;
			containerPortal = 9C5B3C621F42845B00BBBE4A /* Project object */;
			proxyType = 1;
			remoteGlobalIDString = 9C5B3C691F42845B00BBBE4A;
			remoteInfo = undeadbread;
		};
/* End PBXContainerItemProxy section */

/* Begin PBXFileReference section */
		9C09EEF92023E68100D56D97 /* UITableViewHelpers.swift */ = {isa = PBXFileReference; lastKnownFileType = sourcecode.swift; path = UITableViewHelpers.swift; sourceTree = "<group>"; };
		9C09EEFC2023E87300D56D97 /* TextViewTableViewCell.swift */ = {isa = PBXFileReference; lastKnownFileType = sourcecode.swift; path = TextViewTableViewCell.swift; sourceTree = "<group>"; };
		9C09EF012023E98700D56D97 /* NewStepsTableViewController.swift */ = {isa = PBXFileReference; lastKnownFileType = sourcecode.swift; path = NewStepsTableViewController.swift; sourceTree = "<group>"; };
		9C1F56A2200C17C000983404 /* RecipeListTableViewController.swift */ = {isa = PBXFileReference; lastKnownFileType = sourcecode.swift; path = RecipeListTableViewController.swift; sourceTree = "<group>"; };
		9C1F56A4200C17D000983404 /* NewRecipeTableViewController.swift */ = {isa = PBXFileReference; lastKnownFileType = sourcecode.swift; path = NewRecipeTableViewController.swift; sourceTree = "<group>"; };
		9C1F56A6200C1D7700983404 /* TextFieldTableViewCell.swift */ = {isa = PBXFileReference; lastKnownFileType = sourcecode.swift; path = TextFieldTableViewCell.swift; sourceTree = "<group>"; };
		9C5B3C6A1F42845B00BBBE4A /* undeadbread.app */ = {isa = PBXFileReference; explicitFileType = wrapper.application; includeInIndex = 0; path = undeadbread.app; sourceTree = BUILT_PRODUCTS_DIR; };
		9C5B3C6D1F42845B00BBBE4A /* AppDelegate.swift */ = {isa = PBXFileReference; lastKnownFileType = sourcecode.swift; path = AppDelegate.swift; sourceTree = "<group>"; };
		9C5B3C6F1F42845B00BBBE4A /* RecipeListViewController.swift */ = {isa = PBXFileReference; lastKnownFileType = sourcecode.swift; path = RecipeListViewController.swift; sourceTree = "<group>"; };
		9C5B3C721F42845B00BBBE4A /* Base */ = {isa = PBXFileReference; lastKnownFileType = file.storyboard; name = Base; path = Base.lproj/Main.storyboard; sourceTree = "<group>"; };
		9C5B3C741F42845B00BBBE4A /* Assets.xcassets */ = {isa = PBXFileReference; lastKnownFileType = folder.assetcatalog; path = Assets.xcassets; sourceTree = "<group>"; };
		9C5B3C771F42845B00BBBE4A /* Base */ = {isa = PBXFileReference; lastKnownFileType = file.storyboard; name = Base; path = Base.lproj/LaunchScreen.storyboard; sourceTree = "<group>"; };
		9C5B3C791F42845B00BBBE4A /* Info.plist */ = {isa = PBXFileReference; lastKnownFileType = text.plist.xml; path = Info.plist; sourceTree = "<group>"; };
		9C5B3C7E1F42845B00BBBE4A /* undeadbreadTests.xctest */ = {isa = PBXFileReference; explicitFileType = wrapper.cfbundle; includeInIndex = 0; path = undeadbreadTests.xctest; sourceTree = BUILT_PRODUCTS_DIR; };
		9C5B3C821F42845B00BBBE4A /* undeadbreadTests.swift */ = {isa = PBXFileReference; lastKnownFileType = sourcecode.swift; path = undeadbreadTests.swift; sourceTree = "<group>"; };
		9C5B3C841F42845B00BBBE4A /* Info.plist */ = {isa = PBXFileReference; lastKnownFileType = text.plist.xml; path = Info.plist; sourceTree = "<group>"; };
		9C5B3C891F42845B00BBBE4A /* undeadbreadUITests.xctest */ = {isa = PBXFileReference; explicitFileType = wrapper.cfbundle; includeInIndex = 0; path = undeadbreadUITests.xctest; sourceTree = BUILT_PRODUCTS_DIR; };
		9C5B3C8D1F42845B00BBBE4A /* undeadbreadUITests.swift */ = {isa = PBXFileReference; lastKnownFileType = sourcecode.swift; path = undeadbreadUITests.swift; sourceTree = "<group>"; };
		9C5B3C8F1F42845B00BBBE4A /* Info.plist */ = {isa = PBXFileReference; lastKnownFileType = text.plist.xml; path = Info.plist; sourceTree = "<group>"; };
		9C5B3C9D1F42848900BBBE4A /* Ingredient.swift */ = {isa = PBXFileReference; fileEncoding = 4; lastKnownFileType = sourcecode.swift; path = Ingredient.swift; sourceTree = "<group>"; };
		9C5B3CA21F42848900BBBE4A /* Recipe.swift */ = {isa = PBXFileReference; fileEncoding = 4; lastKnownFileType = sourcecode.swift; path = Recipe.swift; sourceTree = "<group>"; };
		9C5B3CA31F42848900BBBE4A /* Step.swift */ = {isa = PBXFileReference; fileEncoding = 4; lastKnownFileType = sourcecode.swift; path = Step.swift; sourceTree = "<group>"; };
		9C5B3CA41F42848900BBBE4A /* Tool.swift */ = {isa = PBXFileReference; fileEncoding = 4; lastKnownFileType = sourcecode.swift; path = Tool.swift; sourceTree = "<group>"; };
		9C6BBF4F202964C100A2353B /* StepEditorToolbarTableViewCell.swift */ = {isa = PBXFileReference; lastKnownFileType = sourcecode.swift; path = StepEditorToolbarTableViewCell.swift; sourceTree = "<group>"; };
		9C755E3A201E8E9700B1228C /* RecipeResultsTableViewController.swift */ = {isa = PBXFileReference; lastKnownFileType = sourcecode.swift; path = RecipeResultsTableViewController.swift; sourceTree = "<group>"; };
		9C755E3C201E924300B1228C /* IngredientResultsTableViewController.swift */ = {isa = PBXFileReference; lastKnownFileType = sourcecode.swift; path = IngredientResultsTableViewController.swift; sourceTree = "<group>"; };
		9C755E40201E92DA00B1228C /* BaseResultsTableViewController.swift */ = {isa = PBXFileReference; lastKnownFileType = sourcecode.swift; path = BaseResultsTableViewController.swift; sourceTree = "<group>"; };
		9CAD2C07200EFB8300BF46BF /* NewIngredientTableViewController.swift */ = {isa = PBXFileReference; lastKnownFileType = sourcecode.swift; path = NewIngredientTableViewController.swift; sourceTree = "<group>"; };
		9CD2E63F1F4289F600F150C5 /* Loaf.swift */ = {isa = PBXFileReference; fileEncoding = 4; lastKnownFileType = sourcecode.swift; path = Loaf.swift; sourceTree = "<group>"; };
		9CD2E6411F428AD200F150C5 /* Rating.swift */ = {isa = PBXFileReference; fileEncoding = 4; lastKnownFileType = sourcecode.swift; path = Rating.swift; sourceTree = "<group>"; };
		9CD2E6461F42983C00F150C5 /* RecipeDetailViewController.swift */ = {isa = PBXFileReference; fileEncoding = 4; lastKnownFileType = sourcecode.swift; path = RecipeDetailViewController.swift; sourceTree = "<group>"; };
		9CF5CDE8202AA43B002A65F0 /* SquareImageTableViewCell.swift */ = {isa = PBXFileReference; lastKnownFileType = sourcecode.swift; path = SquareImageTableViewCell.swift; sourceTree = "<group>"; };
/* End PBXFileReference section */

/* Begin PBXFrameworksBuildPhase section */
		9C5B3C671F42845B00BBBE4A /* Frameworks */ = {
			isa = PBXFrameworksBuildPhase;
			buildActionMask = 2147483647;
			files = (
			);
			runOnlyForDeploymentPostprocessing = 0;
		};
		9C5B3C7B1F42845B00BBBE4A /* Frameworks */ = {
			isa = PBXFrameworksBuildPhase;
			buildActionMask = 2147483647;
			files = (
			);
			runOnlyForDeploymentPostprocessing = 0;
		};
		9C5B3C861F42845B00BBBE4A /* Frameworks */ = {
			isa = PBXFrameworksBuildPhase;
			buildActionMask = 2147483647;
			files = (
			);
			runOnlyForDeploymentPostprocessing = 0;
		};
/* End PBXFrameworksBuildPhase section */

/* Begin PBXGroup section */
		9C09EEFB2023E68700D56D97 /* Helpers */ = {
			isa = PBXGroup;
			children = (
				9C09EEF92023E68100D56D97 /* UITableViewHelpers.swift */,
			);
			path = Helpers;
			sourceTree = "<group>";
		};
		9C09EF002023E8F900D56D97 /* Xibs */ = {
			isa = PBXGroup;
			children = (
			);
			path = Xibs;
			sourceTree = "<group>";
		};
		9C1F56AA200C1DA200983404 /* TableViewCells */ = {
			isa = PBXGroup;
			children = (
				9C09EEFC2023E87300D56D97 /* TextViewTableViewCell.swift */,
				9CF5CDE8202AA43B002A65F0 /* SquareImageTableViewCell.swift */,
				9C1F56A6200C1D7700983404 /* TextFieldTableViewCell.swift */,
				9C6BBF4F202964C100A2353B /* StepEditorToolbarTableViewCell.swift */,
			);
			path = TableViewCells;
			sourceTree = "<group>";
		};
		9C5B3C611F42845B00BBBE4A = {
			isa = PBXGroup;
			children = (
				9C5B3C6C1F42845B00BBBE4A /* undeadbread */,
				9C5B3C811F42845B00BBBE4A /* undeadbreadTests */,
				9C5B3C8C1F42845B00BBBE4A /* undeadbreadUITests */,
				9C5B3C6B1F42845B00BBBE4A /* Products */,
			);
			sourceTree = "<group>";
		};
		9C5B3C6B1F42845B00BBBE4A /* Products */ = {
			isa = PBXGroup;
			children = (
				9C5B3C6A1F42845B00BBBE4A /* undeadbread.app */,
				9C5B3C7E1F42845B00BBBE4A /* undeadbreadTests.xctest */,
				9C5B3C891F42845B00BBBE4A /* undeadbreadUITests.xctest */,
			);
			name = Products;
			sourceTree = "<group>";
		};
		9C5B3C6C1F42845B00BBBE4A /* undeadbread */ = {
			isa = PBXGroup;
			children = (
				9CF5CDE7202A9A9B002A65F0 /* ViewControllers */,
				9C09EF002023E8F900D56D97 /* Xibs */,
				9C1F56AA200C1DA200983404 /* TableViewCells */,
				9C5B3C9C1F42848900BBBE4A /* Model */,
				9C09EEFB2023E68700D56D97 /* Helpers */,
				9C5B3C9B1F42846700BBBE4A /* Supporting Files */,
			);
			path = undeadbread;
			sourceTree = "<group>";
		};
		9C5B3C811F42845B00BBBE4A /* undeadbreadTests */ = {
			isa = PBXGroup;
			children = (
				9C5B3C821F42845B00BBBE4A /* undeadbreadTests.swift */,
				9C5B3C841F42845B00BBBE4A /* Info.plist */,
			);
			path = undeadbreadTests;
			sourceTree = "<group>";
		};
		9C5B3C8C1F42845B00BBBE4A /* undeadbreadUITests */ = {
			isa = PBXGroup;
			children = (
				9C5B3C8D1F42845B00BBBE4A /* undeadbreadUITests.swift */,
				9C5B3C8F1F42845B00BBBE4A /* Info.plist */,
			);
			path = undeadbreadUITests;
			sourceTree = "<group>";
		};
		9C5B3C9B1F42846700BBBE4A /* Supporting Files */ = {
			isa = PBXGroup;
			children = (
				9C5B3C6D1F42845B00BBBE4A /* AppDelegate.swift */,
				9C5B3C711F42845B00BBBE4A /* Main.storyboard */,
				9C5B3C741F42845B00BBBE4A /* Assets.xcassets */,
				9C5B3C761F42845B00BBBE4A /* LaunchScreen.storyboard */,
				9C5B3C791F42845B00BBBE4A /* Info.plist */,
			);
			name = "Supporting Files";
			sourceTree = "<group>";
		};
		9C5B3C9C1F42848900BBBE4A /* Model */ = {
			isa = PBXGroup;
			children = (
				9C5B3C9D1F42848900BBBE4A /* Ingredient.swift */,
				9C5B3CA21F42848900BBBE4A /* Recipe.swift */,
				9C5B3CA31F42848900BBBE4A /* Step.swift */,
				9C5B3CA41F42848900BBBE4A /* Tool.swift */,
				9CD2E63F1F4289F600F150C5 /* Loaf.swift */,
				9CD2E6411F428AD200F150C5 /* Rating.swift */,
			);
			path = Model;
			sourceTree = "<group>";
		};
		9CF5CDE7202A9A9B002A65F0 /* ViewControllers */ = {
			isa = PBXGroup;
			children = (
				9C5B3C6F1F42845B00BBBE4A /* RecipeListViewController.swift */,
				9C1F56A2200C17C000983404 /* RecipeListTableViewController.swift */,
				9C755E3A201E8E9700B1228C /* RecipeResultsTableViewController.swift */,
				9C755E40201E92DA00B1228C /* BaseResultsTableViewController.swift */,
				9C1F56A4200C17D000983404 /* NewRecipeTableViewController.swift */,
				9CAD2C07200EFB8300BF46BF /* NewIngredientTableViewController.swift */,
				9C09EF012023E98700D56D97 /* NewStepsTableViewController.swift */,
				9C755E3C201E924300B1228C /* IngredientResultsTableViewController.swift */,
				9CD2E6461F42983C00F150C5 /* RecipeDetailViewController.swift */,
			);
			path = ViewControllers;
			sourceTree = "<group>";
		};
/* End PBXGroup section */

/* Begin PBXNativeTarget section */
		9C5B3C691F42845B00BBBE4A /* undeadbread */ = {
			isa = PBXNativeTarget;
			buildConfigurationList = 9C5B3C921F42845B00BBBE4A /* Build configuration list for PBXNativeTarget "undeadbread" */;
			buildPhases = (
				9C5B3C661F42845B00BBBE4A /* Sources */,
				9C5B3C671F42845B00BBBE4A /* Frameworks */,
				9C5B3C681F42845B00BBBE4A /* Resources */,
			);
			buildRules = (
			);
			dependencies = (
			);
			name = undeadbread;
			productName = undeadbread;
			productReference = 9C5B3C6A1F42845B00BBBE4A /* undeadbread.app */;
			productType = "com.apple.product-type.application";
		};
		9C5B3C7D1F42845B00BBBE4A /* undeadbreadTests */ = {
			isa = PBXNativeTarget;
			buildConfigurationList = 9C5B3C951F42845B00BBBE4A /* Build configuration list for PBXNativeTarget "undeadbreadTests" */;
			buildPhases = (
				9C5B3C7A1F42845B00BBBE4A /* Sources */,
				9C5B3C7B1F42845B00BBBE4A /* Frameworks */,
				9C5B3C7C1F42845B00BBBE4A /* Resources */,
			);
			buildRules = (
			);
			dependencies = (
				9C5B3C801F42845B00BBBE4A /* PBXTargetDependency */,
			);
			name = undeadbreadTests;
			productName = undeadbreadTests;
			productReference = 9C5B3C7E1F42845B00BBBE4A /* undeadbreadTests.xctest */;
			productType = "com.apple.product-type.bundle.unit-test";
		};
		9C5B3C881F42845B00BBBE4A /* undeadbreadUITests */ = {
			isa = PBXNativeTarget;
			buildConfigurationList = 9C5B3C981F42845B00BBBE4A /* Build configuration list for PBXNativeTarget "undeadbreadUITests" */;
			buildPhases = (
				9C5B3C851F42845B00BBBE4A /* Sources */,
				9C5B3C861F42845B00BBBE4A /* Frameworks */,
				9C5B3C871F42845B00BBBE4A /* Resources */,
			);
			buildRules = (
			);
			dependencies = (
				9C5B3C8B1F42845B00BBBE4A /* PBXTargetDependency */,
			);
			name = undeadbreadUITests;
			productName = undeadbreadUITests;
			productReference = 9C5B3C891F42845B00BBBE4A /* undeadbreadUITests.xctest */;
			productType = "com.apple.product-type.bundle.ui-testing";
		};
/* End PBXNativeTarget section */

/* Begin PBXProject section */
		9C5B3C621F42845B00BBBE4A /* Project object */ = {
			isa = PBXProject;
			attributes = {
				LastSwiftUpdateCheck = 0830;
				LastUpgradeCheck = 0920;
				ORGANIZATIONNAME = "Stephen Ciauri";
				TargetAttributes = {
					9C5B3C691F42845B00BBBE4A = {
						CreatedOnToolsVersion = 8.3.3;
						DevelopmentTeam = SV57A2C639;
						ProvisioningStyle = Automatic;
					};
					9C5B3C7D1F42845B00BBBE4A = {
						CreatedOnToolsVersion = 8.3.3;
						DevelopmentTeam = SV57A2C639;
						ProvisioningStyle = Automatic;
						TestTargetID = 9C5B3C691F42845B00BBBE4A;
					};
					9C5B3C881F42845B00BBBE4A = {
						CreatedOnToolsVersion = 8.3.3;
						DevelopmentTeam = SV57A2C639;
						ProvisioningStyle = Automatic;
						TestTargetID = 9C5B3C691F42845B00BBBE4A;
					};
				};
			};
			buildConfigurationList = 9C5B3C651F42845B00BBBE4A /* Build configuration list for PBXProject "undeadbread" */;
			compatibilityVersion = "Xcode 3.2";
			developmentRegion = English;
			hasScannedForEncodings = 0;
			knownRegions = (
				en,
				Base,
			);
			mainGroup = 9C5B3C611F42845B00BBBE4A;
			productRefGroup = 9C5B3C6B1F42845B00BBBE4A /* Products */;
			projectDirPath = "";
			projectRoot = "";
			targets = (
				9C5B3C691F42845B00BBBE4A /* undeadbread */,
				9C5B3C7D1F42845B00BBBE4A /* undeadbreadTests */,
				9C5B3C881F42845B00BBBE4A /* undeadbreadUITests */,
			);
		};
/* End PBXProject section */

/* Begin PBXResourcesBuildPhase section */
		9C5B3C681F42845B00BBBE4A /* Resources */ = {
			isa = PBXResourcesBuildPhase;
			buildActionMask = 2147483647;
			files = (
				9C5B3C781F42845B00BBBE4A /* LaunchScreen.storyboard in Resources */,
				9C5B3C751F42845B00BBBE4A /* Assets.xcassets in Resources */,
				9C5B3C731F42845B00BBBE4A /* Main.storyboard in Resources */,
			);
			runOnlyForDeploymentPostprocessing = 0;
		};
		9C5B3C7C1F42845B00BBBE4A /* Resources */ = {
			isa = PBXResourcesBuildPhase;
			buildActionMask = 2147483647;
			files = (
			);
			runOnlyForDeploymentPostprocessing = 0;
		};
		9C5B3C871F42845B00BBBE4A /* Resources */ = {
			isa = PBXResourcesBuildPhase;
			buildActionMask = 2147483647;
			files = (
			);
			runOnlyForDeploymentPostprocessing = 0;
		};
/* End PBXResourcesBuildPhase section */

/* Begin PBXSourcesBuildPhase section */
		9C5B3C661F42845B00BBBE4A /* Sources */ = {
			isa = PBXSourcesBuildPhase;
			buildActionMask = 2147483647;
			files = (
				9C09EEFA2023E68100D56D97 /* UITableViewHelpers.swift in Sources */,
				9C5B3C701F42845B00BBBE4A /* RecipeListViewController.swift in Sources */,
				9CAD2C08200EFB8300BF46BF /* NewIngredientTableViewController.swift in Sources */,
				9CD2E6471F42983C00F150C5 /* RecipeDetailViewController.swift in Sources */,
				9C09EF022023E98700D56D97 /* NewStepsTableViewController.swift in Sources */,
				9C755E41201E92DA00B1228C /* BaseResultsTableViewController.swift in Sources */,
				9CF5CDE9202AA43B002A65F0 /* SquareImageTableViewCell.swift in Sources */,
				9C1F56A5200C17D000983404 /* NewRecipeTableViewController.swift in Sources */,
				9C1F56A7200C1D7700983404 /* TextFieldTableViewCell.swift in Sources */,
				9C5B3CAA1F42848900BBBE4A /* Step.swift in Sources */,
				9C5B3C6E1F42845B00BBBE4A /* AppDelegate.swift in Sources */,
				9C5B3CA91F42848900BBBE4A /* Recipe.swift in Sources */,
				9C1F56A3200C17C000983404 /* RecipeListTableViewController.swift in Sources */,
				9C755E3D201E924300B1228C /* IngredientResultsTableViewController.swift in Sources */,
				9CD2E6421F428AD200F150C5 /* Rating.swift in Sources */,
				9C755E3B201E8E9700B1228C /* RecipeResultsTableViewController.swift in Sources */,
				9C5B3CA51F42848900BBBE4A /* Ingredient.swift in Sources */,
				9C6BBF50202964C100A2353B /* StepEditorToolbarTableViewCell.swift in Sources */,
				9C5B3CAB1F42848900BBBE4A /* Tool.swift in Sources */,
				9CD2E6401F4289F600F150C5 /* Loaf.swift in Sources */,
				9C09EEFE2023E87300D56D97 /* TextViewTableViewCell.swift in Sources */,
			);
			runOnlyForDeploymentPostprocessing = 0;
		};
		9C5B3C7A1F42845B00BBBE4A /* Sources */ = {
			isa = PBXSourcesBuildPhase;
			buildActionMask = 2147483647;
			files = (
				9C5B3C831F42845B00BBBE4A /* undeadbreadTests.swift in Sources */,
			);
			runOnlyForDeploymentPostprocessing = 0;
		};
		9C5B3C851F42845B00BBBE4A /* Sources */ = {
			isa = PBXSourcesBuildPhase;
			buildActionMask = 2147483647;
			files = (
				9C5B3C8E1F42845B00BBBE4A /* undeadbreadUITests.swift in Sources */,
			);
			runOnlyForDeploymentPostprocessing = 0;
		};
/* End PBXSourcesBuildPhase section */

/* Begin PBXTargetDependency section */
		9C5B3C801F42845B00BBBE4A /* PBXTargetDependency */ = {
			isa = PBXTargetDependency;
			target = 9C5B3C691F42845B00BBBE4A /* undeadbread */;
			targetProxy = 9C5B3C7F1F42845B00BBBE4A /* PBXContainerItemProxy */;
		};
		9C5B3C8B1F42845B00BBBE4A /* PBXTargetDependency */ = {
			isa = PBXTargetDependency;
			target = 9C5B3C691F42845B00BBBE4A /* undeadbread */;
			targetProxy = 9C5B3C8A1F42845B00BBBE4A /* PBXContainerItemProxy */;
		};
/* End PBXTargetDependency section */

/* Begin PBXVariantGroup section */
		9C5B3C711F42845B00BBBE4A /* Main.storyboard */ = {
			isa = PBXVariantGroup;
			children = (
				9C5B3C721F42845B00BBBE4A /* Base */,
			);
			name = Main.storyboard;
			sourceTree = "<group>";
		};
		9C5B3C761F42845B00BBBE4A /* LaunchScreen.storyboard */ = {
			isa = PBXVariantGroup;
			children = (
				9C5B3C771F42845B00BBBE4A /* Base */,
			);
			name = LaunchScreen.storyboard;
			sourceTree = "<group>";
		};
/* End PBXVariantGroup section */

/* Begin XCBuildConfiguration section */
		9C5B3C901F42845B00BBBE4A /* Debug */ = {
			isa = XCBuildConfiguration;
			buildSettings = {
				ALWAYS_SEARCH_USER_PATHS = NO;
				CLANG_ANALYZER_NONNULL = YES;
				CLANG_ANALYZER_NUMBER_OBJECT_CONVERSION = YES_AGGRESSIVE;
				CLANG_CXX_LANGUAGE_STANDARD = "gnu++0x";
				CLANG_CXX_LIBRARY = "libc++";
				CLANG_ENABLE_MODULES = YES;
				CLANG_ENABLE_OBJC_ARC = YES;
				CLANG_WARN_BLOCK_CAPTURE_AUTORELEASING = YES;
				CLANG_WARN_BOOL_CONVERSION = YES;
				CLANG_WARN_COMMA = YES;
				CLANG_WARN_CONSTANT_CONVERSION = YES;
				CLANG_WARN_DIRECT_OBJC_ISA_USAGE = YES_ERROR;
				CLANG_WARN_DOCUMENTATION_COMMENTS = YES;
				CLANG_WARN_EMPTY_BODY = YES;
				CLANG_WARN_ENUM_CONVERSION = YES;
				CLANG_WARN_INFINITE_RECURSION = YES;
				CLANG_WARN_INT_CONVERSION = YES;
				CLANG_WARN_NON_LITERAL_NULL_CONVERSION = YES;
				CLANG_WARN_OBJC_LITERAL_CONVERSION = YES;
				CLANG_WARN_OBJC_ROOT_CLASS = YES_ERROR;
				CLANG_WARN_RANGE_LOOP_ANALYSIS = YES;
				CLANG_WARN_STRICT_PROTOTYPES = YES;
				CLANG_WARN_SUSPICIOUS_MOVE = YES;
				CLANG_WARN_UNREACHABLE_CODE = YES;
				CLANG_WARN__DUPLICATE_METHOD_MATCH = YES;
				"CODE_SIGN_IDENTITY[sdk=iphoneos*]" = "iPhone Developer";
				COPY_PHASE_STRIP = NO;
				DEBUG_INFORMATION_FORMAT = dwarf;
				ENABLE_STRICT_OBJC_MSGSEND = YES;
				ENABLE_TESTABILITY = YES;
				GCC_C_LANGUAGE_STANDARD = gnu99;
				GCC_DYNAMIC_NO_PIC = NO;
				GCC_NO_COMMON_BLOCKS = YES;
				GCC_OPTIMIZATION_LEVEL = 0;
				GCC_PREPROCESSOR_DEFINITIONS = (
					"DEBUG=1",
					"$(inherited)",
				);
				GCC_WARN_64_TO_32_BIT_CONVERSION = YES;
				GCC_WARN_ABOUT_RETURN_TYPE = YES_ERROR;
				GCC_WARN_UNDECLARED_SELECTOR = YES;
				GCC_WARN_UNINITIALIZED_AUTOS = YES_AGGRESSIVE;
				GCC_WARN_UNUSED_FUNCTION = YES;
				GCC_WARN_UNUSED_VARIABLE = YES;
				IPHONEOS_DEPLOYMENT_TARGET = 10.3;
				MTL_ENABLE_DEBUG_INFO = YES;
				ONLY_ACTIVE_ARCH = YES;
				SDKROOT = iphoneos;
				SWIFT_ACTIVE_COMPILATION_CONDITIONS = DEBUG;
				SWIFT_OPTIMIZATION_LEVEL = "-Onone";
				SWIFT_VERSION = 4.0;
				TARGETED_DEVICE_FAMILY = "1,2";
			};
			name = Debug;
		};
		9C5B3C911F42845B00BBBE4A /* Release */ = {
			isa = XCBuildConfiguration;
			buildSettings = {
				ALWAYS_SEARCH_USER_PATHS = NO;
				CLANG_ANALYZER_NONNULL = YES;
				CLANG_ANALYZER_NUMBER_OBJECT_CONVERSION = YES_AGGRESSIVE;
				CLANG_CXX_LANGUAGE_STANDARD = "gnu++0x";
				CLANG_CXX_LIBRARY = "libc++";
				CLANG_ENABLE_MODULES = YES;
				CLANG_ENABLE_OBJC_ARC = YES;
				CLANG_WARN_BLOCK_CAPTURE_AUTORELEASING = YES;
				CLANG_WARN_BOOL_CONVERSION = YES;
				CLANG_WARN_COMMA = YES;
				CLANG_WARN_CONSTANT_CONVERSION = YES;
				CLANG_WARN_DIRECT_OBJC_ISA_USAGE = YES_ERROR;
				CLANG_WARN_DOCUMENTATION_COMMENTS = YES;
				CLANG_WARN_EMPTY_BODY = YES;
				CLANG_WARN_ENUM_CONVERSION = YES;
				CLANG_WARN_INFINITE_RECURSION = YES;
				CLANG_WARN_INT_CONVERSION = YES;
				CLANG_WARN_NON_LITERAL_NULL_CONVERSION = YES;
				CLANG_WARN_OBJC_LITERAL_CONVERSION = YES;
				CLANG_WARN_OBJC_ROOT_CLASS = YES_ERROR;
				CLANG_WARN_RANGE_LOOP_ANALYSIS = YES;
				CLANG_WARN_STRICT_PROTOTYPES = YES;
				CLANG_WARN_SUSPICIOUS_MOVE = YES;
				CLANG_WARN_UNREACHABLE_CODE = YES;
				CLANG_WARN__DUPLICATE_METHOD_MATCH = YES;
				"CODE_SIGN_IDENTITY[sdk=iphoneos*]" = "iPhone Developer";
				COPY_PHASE_STRIP = NO;
				DEBUG_INFORMATION_FORMAT = "dwarf-with-dsym";
				ENABLE_NS_ASSERTIONS = NO;
				ENABLE_STRICT_OBJC_MSGSEND = YES;
				GCC_C_LANGUAGE_STANDARD = gnu99;
				GCC_NO_COMMON_BLOCKS = YES;
				GCC_WARN_64_TO_32_BIT_CONVERSION = YES;
				GCC_WARN_ABOUT_RETURN_TYPE = YES_ERROR;
				GCC_WARN_UNDECLARED_SELECTOR = YES;
				GCC_WARN_UNINITIALIZED_AUTOS = YES_AGGRESSIVE;
				GCC_WARN_UNUSED_FUNCTION = YES;
				GCC_WARN_UNUSED_VARIABLE = YES;
				IPHONEOS_DEPLOYMENT_TARGET = 10.3;
				MTL_ENABLE_DEBUG_INFO = NO;
				SDKROOT = iphoneos;
				SWIFT_OPTIMIZATION_LEVEL = "-Owholemodule";
				SWIFT_VERSION = 4.0;
				TARGETED_DEVICE_FAMILY = "1,2";
				VALIDATE_PRODUCT = YES;
			};
			name = Release;
		};
		9C5B3C931F42845B00BBBE4A /* Debug */ = {
			isa = XCBuildConfiguration;
			buildSettings = {
				ASSETCATALOG_COMPILER_APPICON_NAME = AppIcon;
				DEVELOPMENT_TEAM = SV57A2C639;
				INFOPLIST_FILE = undeadbread/Info.plist;
				IPHONEOS_DEPLOYMENT_TARGET = 11.2;
				LD_RUNPATH_SEARCH_PATHS = "$(inherited) @executable_path/Frameworks";
				PRODUCT_BUNDLE_IDENTIFIER = com.stephenciauri.undeadbread;
				PRODUCT_NAME = "$(TARGET_NAME)";
				SWIFT_VERSION = 4.0;
			};
			name = Debug;
		};
		9C5B3C941F42845B00BBBE4A /* Release */ = {
			isa = XCBuildConfiguration;
			buildSettings = {
				ASSETCATALOG_COMPILER_APPICON_NAME = AppIcon;
				DEVELOPMENT_TEAM = SV57A2C639;
				INFOPLIST_FILE = undeadbread/Info.plist;
				IPHONEOS_DEPLOYMENT_TARGET = 11.2;
				LD_RUNPATH_SEARCH_PATHS = "$(inherited) @executable_path/Frameworks";
				PRODUCT_BUNDLE_IDENTIFIER = com.stephenciauri.undeadbread;
				PRODUCT_NAME = "$(TARGET_NAME)";
				SWIFT_VERSION = 4.0;
			};
			name = Release;
		};
		9C5B3C961F42845B00BBBE4A /* Debug */ = {
			isa = XCBuildConfiguration;
			buildSettings = {
				ALWAYS_EMBED_SWIFT_STANDARD_LIBRARIES = YES;
				BUNDLE_LOADER = "$(TEST_HOST)";
				DEVELOPMENT_TEAM = SV57A2C639;
				INFOPLIST_FILE = undeadbreadTests/Info.plist;
				LD_RUNPATH_SEARCH_PATHS = "$(inherited) @executable_path/Frameworks @loader_path/Frameworks";
				PRODUCT_BUNDLE_IDENTIFIER = com.stephenciauri.undeadbreadTests;
				PRODUCT_NAME = "$(TARGET_NAME)";
				SWIFT_VERSION = 4.0;
				TEST_HOST = "$(BUILT_PRODUCTS_DIR)/undeadbread.app/undeadbread";
			};
			name = Debug;
		};
		9C5B3C971F42845B00BBBE4A /* Release */ = {
			isa = XCBuildConfiguration;
			buildSettings = {
				ALWAYS_EMBED_SWIFT_STANDARD_LIBRARIES = YES;
				BUNDLE_LOADER = "$(TEST_HOST)";
				DEVELOPMENT_TEAM = SV57A2C639;
				INFOPLIST_FILE = undeadbreadTests/Info.plist;
				LD_RUNPATH_SEARCH_PATHS = "$(inherited) @executable_path/Frameworks @loader_path/Frameworks";
				PRODUCT_BUNDLE_IDENTIFIER = com.stephenciauri.undeadbreadTests;
				PRODUCT_NAME = "$(TARGET_NAME)";
				SWIFT_VERSION = 4.0;
				TEST_HOST = "$(BUILT_PRODUCTS_DIR)/undeadbread.app/undeadbread";
			};
			name = Release;
		};
		9C5B3C991F42845B00BBBE4A /* Debug */ = {
			isa = XCBuildConfiguration;
			buildSettings = {
				ALWAYS_EMBED_SWIFT_STANDARD_LIBRARIES = YES;
				DEVELOPMENT_TEAM = SV57A2C639;
				INFOPLIST_FILE = undeadbreadUITests/Info.plist;
				LD_RUNPATH_SEARCH_PATHS = "$(inherited) @executable_path/Frameworks @loader_path/Frameworks";
				PRODUCT_BUNDLE_IDENTIFIER = com.stephenciauri.undeadbreadUITests;
				PRODUCT_NAME = "$(TARGET_NAME)";
				SWIFT_VERSION = 4.0;
				TEST_TARGET_NAME = undeadbread;
			};
			name = Debug;
		};
		9C5B3C9A1F42845B00BBBE4A /* Release */ = {
			isa = XCBuildConfiguration;
			buildSettings = {
				ALWAYS_EMBED_SWIFT_STANDARD_LIBRARIES = YES;
				DEVELOPMENT_TEAM = SV57A2C639;
				INFOPLIST_FILE = undeadbreadUITests/Info.plist;
				LD_RUNPATH_SEARCH_PATHS = "$(inherited) @executable_path/Frameworks @loader_path/Frameworks";
				PRODUCT_BUNDLE_IDENTIFIER = com.stephenciauri.undeadbreadUITests;
				PRODUCT_NAME = "$(TARGET_NAME)";
				SWIFT_VERSION = 4.0;
				TEST_TARGET_NAME = undeadbread;
			};
			name = Release;
		};
/* End XCBuildConfiguration section */

/* Begin XCConfigurationList section */
		9C5B3C651F42845B00BBBE4A /* Build configuration list for PBXProject "undeadbread" */ = {
			isa = XCConfigurationList;
			buildConfigurations = (
				9C5B3C901F42845B00BBBE4A /* Debug */,
				9C5B3C911F42845B00BBBE4A /* Release */,
			);
			defaultConfigurationIsVisible = 0;
			defaultConfigurationName = Release;
		};
		9C5B3C921F42845B00BBBE4A /* Build configuration list for PBXNativeTarget "undeadbread" */ = {
			isa = XCConfigurationList;
			buildConfigurations = (
				9C5B3C931F42845B00BBBE4A /* Debug */,
				9C5B3C941F42845B00BBBE4A /* Release */,
			);
			defaultConfigurationIsVisible = 0;
			defaultConfigurationName = Release;
		};
		9C5B3C951F42845B00BBBE4A /* Build configuration list for PBXNativeTarget "undeadbreadTests" */ = {
			isa = XCConfigurationList;
			buildConfigurations = (
				9C5B3C961F42845B00BBBE4A /* Debug */,
				9C5B3C971F42845B00BBBE4A /* Release */,
			);
			defaultConfigurationIsVisible = 0;
			defaultConfigurationName = Release;
		};
		9C5B3C981F42845B00BBBE4A /* Build configuration list for PBXNativeTarget "undeadbreadUITests" */ = {
			isa = XCConfigurationList;
			buildConfigurations = (
				9C5B3C991F42845B00BBBE4A /* Debug */,
				9C5B3C9A1F42845B00BBBE4A /* Release */,
			);
			defaultConfigurationIsVisible = 0;
			defaultConfigurationName = Release;
		};
/* End XCConfigurationList section */
	};
	rootObject = 9C5B3C621F42845B00BBBE4A /* Project object */;
}
